// !$*UTF8*$!
{
	archiveVersion = 1;
	classes = {
	};
	objectVersion = 48;
	objects = {

/* Begin PBXBuildFile section */
		16D9CDF322F7174400489233 /* AppDelegate.m in Sources */ = {isa = PBXBuildFile; fileRef = 16D9CDF222F7174400489233 /* AppDelegate.m */; };
		16D9CDF622F7174400489233 /* ViewController.m in Sources */ = {isa = PBXBuildFile; fileRef = 16D9CDF522F7174400489233 /* ViewController.m */; };
		16D9CDF922F7174400489233 /* Main.storyboard in Resources */ = {isa = PBXBuildFile; fileRef = 16D9CDF722F7174400489233 /* Main.storyboard */; };
		16D9CDFB22F7174400489233 /* Assets.xcassets in Resources */ = {isa = PBXBuildFile; fileRef = 16D9CDFA22F7174400489233 /* Assets.xcassets */; };
		16D9CDFE22F7174400489233 /* LaunchScreen.storyboard in Resources */ = {isa = PBXBuildFile; fileRef = 16D9CDFC22F7174400489233 /* LaunchScreen.storyboard */; };
		16D9CE0122F7174400489233 /* main.m in Sources */ = {isa = PBXBuildFile; fileRef = 16D9CE0022F7174400489233 /* main.m */; };
		16D9CE0B22F7174400489233 /* TestGitTests.m in Sources */ = {isa = PBXBuildFile; fileRef = 16D9CE0A22F7174400489233 /* TestGitTests.m */; };
		16D9CE1622F7174400489233 /* TestGitUITests.m in Sources */ = {isa = PBXBuildFile; fileRef = 16D9CE1522F7174400489233 /* TestGitUITests.m */; };
/* End PBXBuildFile section */

/* Begin PBXContainerItemProxy section */
		16D9CE0722F7174400489233 /* PBXContainerItemProxy */ = {
			isa = PBXContainerItemProxy;
			containerPortal = 16D9CDE622F7174400489233 /* Project object */;
			proxyType = 1;
			remoteGlobalIDString = 16D9CDED22F7174400489233;
			remoteInfo = TestGit;
		};
		16D9CE1222F7174400489233 /* PBXContainerItemProxy */ = {
			isa = PBXContainerItemProxy;
			containerPortal = 16D9CDE622F7174400489233 /* Project object */;
			proxyType = 1;
			remoteGlobalIDString = 16D9CDED22F7174400489233;
			remoteInfo = TestGit;
		};
/* End PBXContainerItemProxy section */

/* Begin PBXFileReference section */
		16D9CDEE22F7174400489233 /* TestGit.app */ = {isa = PBXFileReference; explicitFileType = wrapper.application; includeInIndex = 0; path = TestGit.app; sourceTree = BUILT_PRODUCTS_DIR; };
		16D9CDF122F7174400489233 /* AppDelegate.h */ = {isa = PBXFileReference; lastKnownFileType = sourcecode.c.h; path = AppDelegate.h; sourceTree = "<group>"; };
		16D9CDF222F7174400489233 /* AppDelegate.m */ = {isa = PBXFileReference; lastKnownFileType = sourcecode.c.objc; path = AppDelegate.m; sourceTree = "<group>"; };
		16D9CDF422F7174400489233 /* ViewController.h */ = {isa = PBXFileReference; lastKnownFileType = sourcecode.c.h; path = ViewController.h; sourceTree = "<group>"; };
		16D9CDF522F7174400489233 /* ViewController.m */ = {isa = PBXFileReference; lastKnownFileType = sourcecode.c.objc; path = ViewController.m; sourceTree = "<group>"; };
		16D9CDF822F7174400489233 /* Base */ = {isa = PBXFileReference; lastKnownFileType = file.storyboard; name = Base; path = Base.lproj/Main.storyboard; sourceTree = "<group>"; };
		16D9CDFA22F7174400489233 /* Assets.xcassets */ = {isa = PBXFileReference; lastKnownFileType = folder.assetcatalog; path = Assets.xcassets; sourceTree = "<group>"; };
		16D9CDFD22F7174400489233 /* Base */ = {isa = PBXFileReference; lastKnownFileType = file.storyboard; name = Base; path = Base.lproj/LaunchScreen.storyboard; sourceTree = "<group>"; };
		16D9CDFF22F7174400489233 /* Info.plist */ = {isa = PBXFileReference; lastKnownFileType = text.plist.xml; path = Info.plist; sourceTree = "<group>"; };
		16D9CE0022F7174400489233 /* main.m */ = {isa = PBXFileReference; lastKnownFileType = sourcecode.c.objc; path = main.m; sourceTree = "<group>"; };
		16D9CE0622F7174400489233 /* TestGitTests.xctest */ = {isa = PBXFileReference; explicitFileType = wrapper.cfbundle; includeInIndex = 0; path = TestGitTests.xctest; sourceTree = BUILT_PRODUCTS_DIR; };
		16D9CE0A22F7174400489233 /* TestGitTests.m */ = {isa = PBXFileReference; lastKnownFileType = sourcecode.c.objc; path = TestGitTests.m; sourceTree = "<group>"; };
		16D9CE0C22F7174400489233 /* Info.plist */ = {isa = PBXFileReference; lastKnownFileType = text.plist.xml; path = Info.plist; sourceTree = "<group>"; };
		16D9CE1122F7174400489233 /* TestGitUITests.xctest */ = {isa = PBXFileReference; explicitFileType = wrapper.cfbundle; includeInIndex = 0; path = TestGitUITests.xctest; sourceTree = BUILT_PRODUCTS_DIR; };
		16D9CE1522F7174400489233 /* TestGitUITests.m */ = {isa = PBXFileReference; lastKnownFileType = sourcecode.c.objc; path = TestGitUITests.m; sourceTree = "<group>"; };
		16D9CE1722F7174400489233 /* Info.plist */ = {isa = PBXFileReference; lastKnownFileType = text.plist.xml; path = Info.plist; sourceTree = "<group>"; };
/* End PBXFileReference section */

/* Begin PBXFrameworksBuildPhase section */
		16D9CDEB22F7174400489233 /* Frameworks */ = {
			isa = PBXFrameworksBuildPhase;
			buildActionMask = 2147483647;
			files = (
			);
			runOnlyForDeploymentPostprocessing = 0;
		};
		16D9CE0322F7174400489233 /* Frameworks */ = {
			isa = PBXFrameworksBuildPhase;
			buildActionMask = 2147483647;
			files = (
			);
			runOnlyForDeploymentPostprocessing = 0;
		};
		16D9CE0E22F7174400489233 /* Frameworks */ = {
			isa = PBXFrameworksBuildPhase;
			buildActionMask = 2147483647;
			files = (
			);
			runOnlyForDeploymentPostprocessing = 0;
		};
/* End PBXFrameworksBuildPhase section */

/* Begin PBXGroup section */
		16D9CDE522F7174400489233 = {
			isa = PBXGroup;
			children = (
				16D9CDF022F7174400489233 /* TestGit */,
				16D9CE0922F7174400489233 /* TestGitTests */,
				16D9CE1422F7174400489233 /* TestGitUITests */,
				16D9CDEF22F7174400489233 /* Products */,
			);
			sourceTree = "<group>";
		};
		16D9CDEF22F7174400489233 /* Products */ = {
			isa = PBXGroup;
			children = (
				16D9CDEE22F7174400489233 /* TestGit.app */,
				16D9CE0622F7174400489233 /* TestGitTests.xctest */,
				16D9CE1122F7174400489233 /* TestGitUITests.xctest */,
			);
			name = Products;
			sourceTree = "<group>";
		};
		16D9CDF022F7174400489233 /* TestGit */ = {
			isa = PBXGroup;
			children = (
				16D9CDF122F7174400489233 /* AppDelegate.h */,
				16D9CDF222F7174400489233 /* AppDelegate.m */,
				16D9CDF422F7174400489233 /* ViewController.h */,
				16D9CDF522F7174400489233 /* ViewController.m */,
				16D9CDF722F7174400489233 /* Main.storyboard */,
				16D9CDFA22F7174400489233 /* Assets.xcassets */,
				16D9CDFC22F7174400489233 /* LaunchScreen.storyboard */,
				16D9CDFF22F7174400489233 /* Info.plist */,
				16D9CE0022F7174400489233 /* main.m */,
			);
			path = TestGit;
			sourceTree = "<group>";
		};
		16D9CE0922F7174400489233 /* TestGitTests */ = {
			isa = PBXGroup;
			children = (
				16D9CE0A22F7174400489233 /* TestGitTests.m */,
				16D9CE0C22F7174400489233 /* Info.plist */,
			);
			path = TestGitTests;
			sourceTree = "<group>";
		};
		16D9CE1422F7174400489233 /* TestGitUITests */ = {
			isa = PBXGroup;
			children = (
				16D9CE1522F7174400489233 /* TestGitUITests.m */,
				16D9CE1722F7174400489233 /* Info.plist */,
			);
			path = TestGitUITests;
			sourceTree = "<group>";
		};
/* End PBXGroup section */

/* Begin PBXNativeTarget section */
		16D9CDED22F7174400489233 /* TestGit */ = {
			isa = PBXNativeTarget;
			buildConfigurationList = 16D9CE1A22F7174400489233 /* Build configuration list for PBXNativeTarget "TestGit" */;
			buildPhases = (
				16D9CDEA22F7174400489233 /* Sources */,
				16D9CDEB22F7174400489233 /* Frameworks */,
				16D9CDEC22F7174400489233 /* Resources */,
			);
			buildRules = (
			);
			dependencies = (
			);
			name = TestGit;
			productName = TestGit;
			productReference = 16D9CDEE22F7174400489233 /* TestGit.app */;
			productType = "com.apple.product-type.application";
		};
		16D9CE0522F7174400489233 /* TestGitTests */ = {
			isa = PBXNativeTarget;
			buildConfigurationList = 16D9CE1D22F7174400489233 /* Build configuration list for PBXNativeTarget "TestGitTests" */;
			buildPhases = (
				16D9CE0222F7174400489233 /* Sources */,
				16D9CE0322F7174400489233 /* Frameworks */,
				16D9CE0422F7174400489233 /* Resources */,
			);
			buildRules = (
			);
			dependencies = (
				16D9CE0822F7174400489233 /* PBXTargetDependency */,
			);
			name = TestGitTests;
			productName = TestGitTests;
			productReference = 16D9CE0622F7174400489233 /* TestGitTests.xctest */;
			productType = "com.apple.product-type.bundle.unit-test";
		};
		16D9CE1022F7174400489233 /* TestGitUITests */ = {
			isa = PBXNativeTarget;
			buildConfigurationList = 16D9CE2022F7174400489233 /* Build configuration list for PBXNativeTarget "TestGitUITests" */;
			buildPhases = (
				16D9CE0D22F7174400489233 /* Sources */,
				16D9CE0E22F7174400489233 /* Frameworks */,
				16D9CE0F22F7174400489233 /* Resources */,
			);
			buildRules = (
			);
			dependencies = (
				16D9CE1322F7174400489233 /* PBXTargetDependency */,
			);
			name = TestGitUITests;
			productName = TestGitUITests;
			productReference = 16D9CE1122F7174400489233 /* TestGitUITests.xctest */;
			productType = "com.apple.product-type.bundle.ui-testing";
		};
/* End PBXNativeTarget section */

/* Begin PBXProject section */
		16D9CDE622F7174400489233 /* Project object */ = {
			isa = PBXProject;
			attributes = {
				LastUpgradeCheck = 0910;
				ORGANIZATIONNAME = M;
				TargetAttributes = {
					16D9CDED22F7174400489233 = {
						CreatedOnToolsVersion = 9.1;
						ProvisioningStyle = Automatic;
					};
					16D9CE0522F7174400489233 = {
						CreatedOnToolsVersion = 9.1;
						ProvisioningStyle = Automatic;
						TestTargetID = 16D9CDED22F7174400489233;
					};
					16D9CE1022F7174400489233 = {
						CreatedOnToolsVersion = 9.1;
						ProvisioningStyle = Automatic;
						TestTargetID = 16D9CDED22F7174400489233;
					};
				};
			};
			buildConfigurationList = 16D9CDE922F7174400489233 /* Build configuration list for PBXProject "TestGit" */;
			compatibilityVersion = "Xcode 8.0";
			developmentRegion = en;
			hasScannedForEncodings = 0;
			knownRegions = (
				en,
				Base,
			);
			mainGroup = 16D9CDE522F7174400489233;
			productRefGroup = 16D9CDEF22F7174400489233 /* Products */;
			projectDirPath = "";
			projectRoot = "";
			targets = (
				16D9CDED22F7174400489233 /* TestGit */,
				16D9CE0522F7174400489233 /* TestGitTests */,
				16D9CE1022F7174400489233 /* TestGitUITests */,
			);
		};
/* End PBXProject section */

/* Begin PBXResourcesBuildPhase section */
		16D9CDEC22F7174400489233 /* Resources */ = {
			isa = PBXResourcesBuildPhase;
			buildActionMask = 2147483647;
			files = (
				16D9CDFE22F7174400489233 /* LaunchScreen.storyboard in Resources */,
				16D9CDFB22F7174400489233 /* Assets.xcassets in Resources */,
				16D9CDF922F7174400489233 /* Main.storyboard in Resources */,
			);
			runOnlyForDeploymentPostprocessing = 0;
		};
		16D9CE0422F7174400489233 /* Resources */ = {
			isa = PBXResourcesBuildPhase;
			buildActionMask = 2147483647;
			files = (
			);
			runOnlyForDeploymentPostprocessing = 0;
		};
		16D9CE0F22F7174400489233 /* Resources */ = {
			isa = PBXResourcesBuildPhase;
			buildActionMask = 2147483647;
			files = (
			);
			runOnlyForDeploymentPostprocessing = 0;
		};
/* End PBXResourcesBuildPhase section */

/* Begin PBXSourcesBuildPhase section */
		16D9CDEA22F7174400489233 /* Sources */ = {
			isa = PBXSourcesBuildPhase;
			buildActionMask = 2147483647;
			files = (
				16D9CDF622F7174400489233 /* ViewController.m in Sources */,
				16D9CE0122F7174400489233 /* main.m in Sources */,
				16D9CDF322F7174400489233 /* AppDelegate.m in Sources */,
			);
			runOnlyForDeploymentPostprocessing = 0;
		};
		16D9CE0222F7174400489233 /* Sources */ = {
			isa = PBXSourcesBuildPhase;
			buildActionMask = 2147483647;
			files = (
				16D9CE0B22F7174400489233 /* TestGitTests.m in Sources */,
			);
			runOnlyForDeploymentPostprocessing = 0;
		};
		16D9CE0D22F7174400489233 /* Sources */ = {
			isa = PBXSourcesBuildPhase;
			buildActionMask = 2147483647;
			files = (
				16D9CE1622F7174400489233 /* TestGitUITests.m in Sources */,
			);
			runOnlyForDeploymentPostprocessing = 0;
		};
/* End PBXSourcesBuildPhase section */

/* Begin PBXTargetDependency section */
		16D9CE0822F7174400489233 /* PBXTargetDependency */ = {
			isa = PBXTargetDependency;
			target = 16D9CDED22F7174400489233 /* TestGit */;
			targetProxy = 16D9CE0722F7174400489233 /* PBXContainerItemProxy */;
		};
		16D9CE1322F7174400489233 /* PBXTargetDependency */ = {
			isa = PBXTargetDependency;
			target = 16D9CDED22F7174400489233 /* TestGit */;
			targetProxy = 16D9CE1222F7174400489233 /* PBXContainerItemProxy */;
		};
/* End PBXTargetDependency section */

/* Begin PBXVariantGroup section */
		16D9CDF722F7174400489233 /* Main.storyboard */ = {
			isa = PBXVariantGroup;
			children = (
				16D9CDF822F7174400489233 /* Base */,
			);
			name = Main.storyboard;
			sourceTree = "<group>";
		};
		16D9CDFC22F7174400489233 /* LaunchScreen.storyboard */ = {
			isa = PBXVariantGroup;
			children = (
				16D9CDFD22F7174400489233 /* Base */,
			);
			name = LaunchScreen.storyboard;
			sourceTree = "<group>";
		};
/* End PBXVariantGroup section */

/* Begin XCBuildConfiguration section */
		16D9CE1822F7174400489233 /* Debug */ = {
			isa = XCBuildConfiguration;
			buildSettings = {
				ALWAYS_SEARCH_USER_PATHS = NO;
				CLANG_ANALYZER_NONNULL = YES;
				CLANG_ANALYZER_NUMBER_OBJECT_CONVERSION = YES_AGGRESSIVE;
				CLANG_CXX_LANGUAGE_STANDARD = "gnu++14";
				CLANG_CXX_LIBRARY = "libc++";
				CLANG_ENABLE_MODULES = YES;
				CLANG_ENABLE_OBJC_ARC = YES;
				CLANG_WARN_BLOCK_CAPTURE_AUTORELEASING = YES;
				CLANG_WARN_BOOL_CONVERSION = YES;
				CLANG_WARN_COMMA = YES;
				CLANG_WARN_CONSTANT_CONVERSION = YES;
				CLANG_WARN_DIRECT_OBJC_ISA_USAGE = YES_ERROR;
				CLANG_WARN_DOCUMENTATION_COMMENTS = YES;
				CLANG_WARN_EMPTY_BODY = YES;
				CLANG_WARN_ENUM_CONVERSION = YES;
				CLANG_WARN_INFINITE_RECURSION = YES;
				CLANG_WARN_INT_CONVERSION = YES;
				CLANG_WARN_NON_LITERAL_NULL_CONVERSION = YES;
				CLANG_WARN_OBJC_LITERAL_CONVERSION = YES;
				CLANG_WARN_OBJC_ROOT_CLASS = YES_ERROR;
				CLANG_WARN_RANGE_LOOP_ANALYSIS = YES;
				CLANG_WARN_STRICT_PROTOTYPES = YES;
				CLANG_WARN_SUSPICIOUS_MOVE = YES;
				CLANG_WARN_UNGUARDED_AVAILABILITY = YES_AGGRESSIVE;
				CLANG_WARN_UNREACHABLE_CODE = YES;
				CLANG_WARN__DUPLICATE_METHOD_MATCH = YES;
				CODE_SIGN_IDENTITY = "iPhone Developer";
				COPY_PHASE_STRIP = NO;
				DEBUG_INFORMATION_FORMAT = dwarf;
				ENABLE_STRICT_OBJC_MSGSEND = YES;
				ENABLE_TESTABILITY = YES;
				GCC_C_LANGUAGE_STANDARD = gnu11;
				GCC_DYNAMIC_NO_PIC = NO;
				GCC_NO_COMMON_BLOCKS = YES;
				GCC_OPTIMIZATION_LEVEL = 0;
				GCC_PREPROCESSOR_DEFINITIONS = (
					"DEBUG=1",
					"$(inherited)",
				);
				GCC_WARN_64_TO_32_BIT_CONVERSION = YES;
				GCC_WARN_ABOUT_RETURN_TYPE = YES_ERROR;
				GCC_WARN_UNDECLARED_SELECTOR = YES;
				GCC_WARN_UNINITIALIZED_AUTOS = YES_AGGRESSIVE;
				GCC_WARN_UNUSED_FUNCTION = YES;
				GCC_WARN_UNUSED_VARIABLE = YES;
				IPHONEOS_DEPLOYMENT_TARGET = 11.1;
				MTL_ENABLE_DEBUG_INFO = YES;
				ONLY_ACTIVE_ARCH = YES;
				SDKROOT = iphoneos;
			};
			name = Debug;
		};
		16D9CE1922F7174400489233 /* Release */ = {
			isa = XCBuildConfiguration;
			buildSettings = {
				ALWAYS_SEARCH_USER_PATHS = NO;
				CLANG_ANALYZER_NONNULL = YES;
				CLANG_ANALYZER_NUMBER_OBJECT_CONVERSION = YES_AGGRESSIVE;
				CLANG_CXX_LANGUAGE_STANDARD = "gnu++14";
				CLANG_CXX_LIBRARY = "libc++";
				CLANG_ENABLE_MODULES = YES;
				CLANG_ENABLE_OBJC_ARC = YES;
				CLANG_WARN_BLOCK_CAPTURE_AUTORELEASING = YES;
				CLANG_WARN_BOOL_CONVERSION = YES;
				CLANG_WARN_COMMA = YES;
				CLANG_WARN_CONSTANT_CONVERSION = YES;
				CLANG_WARN_DIRECT_OBJC_ISA_USAGE = YES_ERROR;
				CLANG_WARN_DOCUMENTATION_COMMENTS = YES;
				CLANG_WARN_EMPTY_BODY = YES;
				CLANG_WARN_ENUM_CONVERSION = YES;
				CLANG_WARN_INFINITE_RECURSION = YES;
				CLANG_WARN_INT_CONVERSION = YES;
				CLANG_WARN_NON_LITERAL_NULL_CONVERSION = YES;
				CLANG_WARN_OBJC_LITERAL_CONVERSION = YES;
				CLANG_WARN_OBJC_ROOT_CLASS = YES_ERROR;
				CLANG_WARN_RANGE_LOOP_ANALYSIS = YES;
				CLANG_WARN_STRICT_PROTOTYPES = YES;
				CLANG_WARN_SUSPICIOUS_MOVE = YES;
				CLANG_WARN_UNGUARDED_AVAILABILITY = YES_AGGRESSIVE;
				CLANG_WARN_UNREACHABLE_CODE = YES;
				CLANG_WARN__DUPLICATE_METHOD_MATCH = YES;
				CODE_SIGN_IDENTITY = "iPhone Developer";
				COPY_PHASE_STRIP = NO;
				DEBUG_INFORMATION_FORMAT = "dwarf-with-dsym";
				ENABLE_NS_ASSERTIONS = NO;
				ENABLE_STRICT_OBJC_MSGSEND = YES;
				GCC_C_LANGUAGE_STANDARD = gnu11;
				GCC_NO_COMMON_BLOCKS = YES;
				GCC_WARN_64_TO_32_BIT_CONVERSION = YES;
				GCC_WARN_ABOUT_RETURN_TYPE = YES_ERROR;
				GCC_WARN_UNDECLARED_SELECTOR = YES;
				GCC_WARN_UNINITIALIZED_AUTOS = YES_AGGRESSIVE;
				GCC_WARN_UNUSED_FUNCTION = YES;
				GCC_WARN_UNUSED_VARIABLE = YES;
				IPHONEOS_DEPLOYMENT_TARGET = 11.1;
				MTL_ENABLE_DEBUG_INFO = NO;
				SDKROOT = iphoneos;
				VALIDATE_PRODUCT = YES;
			};
			name = Release;
		};
		16D9CE1B22F7174400489233 /* Debug */ = {
			isa = XCBuildConfiguration;
			buildSettings = {
				ASSETCATALOG_COMPILER_APPICON_NAME = AppIcon;
				CODE_SIGN_STYLE = Automatic;
				INFOPLIST_FILE = TestGit/Info.plist;
				LD_RUNPATH_SEARCH_PATHS = "$(inherited) @executable_path/Frameworks";
				PRODUCT_BUNDLE_IDENTIFIER = MZ.TestGit;
				PRODUCT_NAME = "$(TARGET_NAME)";
				TARGETED_DEVICE_FAMILY = "1,2";
			};
			name = Debug;
		};
		16D9CE1C22F7174400489233 /* Release */ = {
			isa = XCBuildConfiguration;
			buildSettings = {
				ASSETCATALOG_COMPILER_APPICON_NAME = AppIcon;
				CODE_SIGN_STYLE = Automatic;
				INFOPLIST_FILE = TestGit/Info.plist;
				LD_RUNPATH_SEARCH_PATHS = "$(inherited) @executable_path/Frameworks";
				PRODUCT_BUNDLE_IDENTIFIER = MZ.TestGit;
				PRODUCT_NAME = "$(TARGET_NAME)";
				TARGETED_DEVICE_FAMILY = "1,2";
			};
			name = Release;
		};
		16D9CE1E22F7174400489233 /* Debug */ = {
			isa = XCBuildConfiguration;
			buildSettings = {
				BUNDLE_LOADER = "$(TEST_HOST)";
				CODE_SIGN_STYLE = Automatic;
				INFOPLIST_FILE = TestGitTests/Info.plist;
				LD_RUNPATH_SEARCH_PATHS = "$(inherited) @executable_path/Frameworks @loader_path/Frameworks";
				PRODUCT_BUNDLE_IDENTIFIER = MZ.TestGitTests;
				PRODUCT_NAME = "$(TARGET_NAME)";
				TARGETED_DEVICE_FAMILY = "1,2";
				TEST_HOST = "$(BUILT_PRODUCTS_DIR)/TestGit.app/TestGit";
			};
			name = Debug;
		};
		16D9CE1F22F7174400489233 /* Release */ = {
			isa = XCBuildConfiguration;
			buildSettings = {
				BUNDLE_LOADER = "$(TEST_HOST)";
				CODE_SIGN_STYLE = Automatic;
				INFOPLIST_FILE = TestGitTests/Info.plist;
				LD_RUNPATH_SEARCH_PATHS = "$(inherited) @executable_path/Frameworks @loader_path/Frameworks";
				PRODUCT_BUNDLE_IDENTIFIER = MZ.TestGitTests;
				PRODUCT_NAME = "$(TARGET_NAME)";
				TARGETED_DEVICE_FAMILY = "1,2";
				TEST_HOST = "$(BUILT_PRODUCTS_DIR)/TestGit.app/TestGit";
			};
			name = Release;
		};
		16D9CE2122F7174400489233 /* Debug */ = {
			isa = XCBuildConfiguration;
			buildSettings = {
				CODE_SIGN_STYLE = Automatic;
				INFOPLIST_FILE = TestGitUITests/Info.plist;
				LD_RUNPATH_SEARCH_PATHS = "$(inherited) @executable_path/Frameworks @loader_path/Frameworks";
				PRODUCT_BUNDLE_IDENTIFIER = MZ.TestGitUITests;
				PRODUCT_NAME = "$(TARGET_NAME)";
				TARGETED_DEVICE_FAMILY = "1,2";
				TEST_TARGET_NAME = TestGit;
			};
			name = Debug;
		};
		16D9CE2222F7174400489233 /* Release */ = {
			isa = XCBuildConfiguration;
			buildSettings = {
				CODE_SIGN_STYLE = Automatic;
				INFOPLIST_FILE = TestGitUITests/Info.plist;
				LD_RUNPATH_SEARCH_PATHS = "$(inherited) @executable_path/Frameworks @loader_path/Frameworks";
				PRODUCT_BUNDLE_IDENTIFIER = MZ.TestGitUITests;
				PRODUCT_NAME = "$(TARGET_NAME)";
				TARGETED_DEVICE_FAMILY = "1,2";
				TEST_TARGET_NAME = TestGit;
			};
			name = Release;
		};
/* End XCBuildConfiguration section */

/* Begin XCConfigurationList section */
		16D9CDE922F7174400489233 /* Build configuration list for PBXProject "TestGit" */ = {
			isa = XCConfigurationList;
			buildConfigurations = (
				16D9CE1822F7174400489233 /* Debug */,
				16D9CE1922F7174400489233 /* Release */,
			);
			defaultConfigurationIsVisible = 0;
			defaultConfigurationName = Release;
		};
		16D9CE1A22F7174400489233 /* Build configuration list for PBXNativeTarget "TestGit" */ = {
			isa = XCConfigurationList;
			buildConfigurations = (
				16D9CE1B22F7174400489233 /* Debug */,
				16D9CE1C22F7174400489233 /* Release */,
			);
			defaultConfigurationIsVisible = 0;
			defaultConfigurationName = Release;
		};
		16D9CE1D22F7174400489233 /* Build configuration list for PBXNativeTarget "TestGitTests" */ = {
			isa = XCConfigurationList;
			buildConfigurations = (
				16D9CE1E22F7174400489233 /* Debug */,
				16D9CE1F22F7174400489233 /* Release */,
			);
			defaultConfigurationIsVisible = 0;
			defaultConfigurationName = Release;
		};
		16D9CE2022F7174400489233 /* Build configuration list for PBXNativeTarget "TestGitUITests" */ = {
			isa = XCConfigurationList;
			buildConfigurations = (
				16D9CE2122F7174400489233 /* Debug */,
				16D9CE2222F7174400489233 /* Release */,
			);
			defaultConfigurationIsVisible = 0;
			defaultConfigurationName = Release;
		};
/* End XCConfigurationList section */
	};
	rootObject = 16D9CDE622F7174400489233 /* Project object */;
}
